
Microsoft Visual Studio Solution File, Format Version 12.00
# Visual Studio Version 17
VisualStudioVersion = 17.0.31903.59
MinimumVisualStudioVersion = 10.0.40219.1
Project("{2150E333-8FDC-42A3-9474-1A3956D46DE8}") = "src", "src", "{827E0CD3-B72D-47B6-A68D-7590B98EB39B}"
EndProject
Project("{FAE04EC0-301F-11D3-BF4B-00C04F79EFBC}") = "DocManager.Core", "src\DocManager.Core\DocManager.Core.csproj", "{DD352C2B-642E-489C-A7FE-8AF24E7990F5}"
EndProject
Project("{FAE04EC0-301F-11D3-BF4B-00C04F79EFBC}") = "DocManager.Dialux", "src\DocManager.Dialux\DocManager.Dialux.csproj", "{CA10523A-CBC2-4F21-BDBE-C6B8E4C8BDCB}"
EndProject
Project("{FAE04EC0-301F-11D3-BF4B-00C04F79EFBC}") = "DocManager.Signify", "src\DocManager.Signify\DocManager.Signify.csproj", "{BE04D230-427B-4BA4-81E5-0C8B3C837D83}"
EndProject
Project("{FAE04EC0-301F-11D3-BF4B-00C04F79EFBC}") = "DocManager.Photometry", "src\DocManager.Photometry\DocManager.Photometry.csproj", "{64DDFDC5-0DB9-4ABE-992C-28235C7166AA}"
EndProject
Project("{FAE04EC0-301F-11D3-BF4B-00C04F79EFBC}") = "DocManager.Desktop", "src\DocManager.Desktop\DocManager.Desktop.csproj", "{DA0A53E4-2A99-42FC-9011-4EDB09BA71E1}"
EndProject
Project("{FAE04EC0-301F-11D3-BF4B-00C04F79EFBC}") = "DocManager.Tests", "tests\DocManager.Tests\DocManager.Tests.csproj", "{3E4CD9A2-9F3A-471D-BDE4-5E234822B906}"
EndProject
Project("{2150E333-8FDC-42A3-9474-1A3956D46DE8}") = "tools", "tools", "{A9C4272E-7ACB-4E88-82CE-44CF082DD27C}"
EndProject
Project("{FAE04EC0-301F-11D3-BF4B-00C04F79EFBC}") = "DocManager.Launcher", "tools\DocManager.Launcher\DocManager.Launcher.csproj", "{7FA0FD21-B391-4820-8A44-4CBC35955E91}"
EndProject
Global
	GlobalSection(SolutionConfigurationPlatforms) = preSolution
		Debug|Any CPU = Debug|Any CPU
		Debug|x64 = Debug|x64
		Debug|x86 = Debug|x86
		Release|Any CPU = Release|Any CPU
		Release|x64 = Release|x64
		Release|x86 = Release|x86
	EndGlobalSection
	GlobalSection(ProjectConfigurationPlatforms) = postSolution
		{DD352C2B-642E-489C-A7FE-8AF24E7990F5}.Debug|Any CPU.ActiveCfg = Debug|Any CPU
		{DD352C2B-642E-489C-A7FE-8AF24E7990F5}.Debug|Any CPU.Build.0 = Debug|Any CPU
		{DD352C2B-642E-489C-A7FE-8AF24E7990F5}.Debug|x64.ActiveCfg = Debug|Any CPU
		{DD352C2B-642E-489C-A7FE-8AF24E7990F5}.Debug|x64.Build.0 = Debug|Any CPU
		{DD352C2B-642E-489C-A7FE-8AF24E7990F5}.Debug|x86.ActiveCfg = Debug|Any CPU
		{DD352C2B-642E-489C-A7FE-8AF24E7990F5}.Debug|x86.Build.0 = Debug|Any CPU
		{DD352C2B-642E-489C-A7FE-8AF24E7990F5}.Release|Any CPU.ActiveCfg = Release|Any CPU
		{DD352C2B-642E-489C-A7FE-8AF24E7990F5}.Release|Any CPU.Build.0 = Release|Any CPU
		{DD352C2B-642E-489C-A7FE-8AF24E7990F5}.Release|x64.ActiveCfg = Release|Any CPU
		{DD352C2B-642E-489C-A7FE-8AF24E7990F5}.Release|x64.Build.0 = Release|Any CPU
		{DD352C2B-642E-489C-A7FE-8AF24E7990F5}.Release|x86.ActiveCfg = Release|Any CPU
		{DD352C2B-642E-489C-A7FE-8AF24E7990F5}.Release|x86.Build.0 = Release|Any CPU
		{CA10523A-CBC2-4F21-BDBE-C6B8E4C8BDCB}.Debug|Any CPU.ActiveCfg = Debug|Any CPU
		{CA10523A-CBC2-4F21-BDBE-C6B8E4C8BDCB}.Debug|Any CPU.Build.0 = Debug|Any CPU
		{CA10523A-CBC2-4F21-BDBE-C6B8E4C8BDCB}.Debug|x64.ActiveCfg = Debug|Any CPU
		{CA10523A-CBC2-4F21-BDBE-C6B8E4C8BDCB}.Debug|x64.Build.0 = Debug|Any CPU
		{CA10523A-CBC2-4F21-BDBE-C6B8E4C8BDCB}.Debug|x86.ActiveCfg = Debug|Any CPU
		{CA10523A-CBC2-4F21-BDBE-C6B8E4C8BDCB}.Debug|x86.Build.0 = Debug|Any CPU
		{CA10523A-CBC2-4F21-BDBE-C6B8E4C8BDCB}.Release|Any CPU.ActiveCfg = Release|Any CPU
		{CA10523A-CBC2-4F21-BDBE-C6B8E4C8BDCB}.Release|Any CPU.Build.0 = Release|Any CPU
		{CA10523A-CBC2-4F21-BDBE-C6B8E4C8BDCB}.Release|x64.ActiveCfg = Release|Any CPU
		{CA10523A-CBC2-4F21-BDBE-C6B8E4C8BDCB}.Release|x64.Build.0 = Release|Any CPU
		{CA10523A-CBC2-4F21-BDBE-C6B8E4C8BDCB}.Release|x86.ActiveCfg = Release|Any CPU
		{CA10523A-CBC2-4F21-BDBE-C6B8E4C8BDCB}.Release|x86.Build.0 = Release|Any CPU
		{BE04D230-427B-4BA4-81E5-0C8B3C837D83}.Debug|Any CPU.ActiveCfg = Debug|Any CPU
		{BE04D230-427B-4BA4-81E5-0C8B3C837D83}.Debug|Any CPU.Build.0 = Debug|Any CPU
		{BE04D230-427B-4BA4-81E5-0C8B3C837D83}.Debug|x64.ActiveCfg = Debug|Any CPU
		{BE04D230-427B-4BA4-81E5-0C8B3C837D83}.Debug|x64.Build.0 = Debug|Any CPU
		{BE04D230-427B-4BA4-81E5-0C8B3C837D83}.Debug|x86.ActiveCfg = Debug|Any CPU
		{BE04D230-427B-4BA4-81E5-0C8B3C837D83}.Debug|x86.Build.0 = Debug|Any CPU
		{BE04D230-427B-4BA4-81E5-0C8B3C837D83}.Release|Any CPU.ActiveCfg = Release|Any CPU
		{BE04D230-427B-4BA4-81E5-0C8B3C837D83}.Release|Any CPU.Build.0 = Release|Any CPU
		{BE04D230-427B-4BA4-81E5-0C8B3C837D83}.Release|x64.ActiveCfg = Release|Any CPU
		{BE04D230-427B-4BA4-81E5-0C8B3C837D83}.Release|x64.Build.0 = Release|Any CPU
		{BE04D230-427B-4BA4-81E5-0C8B3C837D83}.Release|x86.ActiveCfg = Release|Any CPU
		{BE04D230-427B-4BA4-81E5-0C8B3C837D83}.Release|x86.Build.0 = Release|Any CPU
		{64DDFDC5-0DB9-4ABE-992C-28235C7166AA}.Debug|Any CPU.ActiveCfg = Debug|Any CPU
		{64DDFDC5-0DB9-4ABE-992C-28235C7166AA}.Debug|Any CPU.Build.0 = Debug|Any CPU
		{64DDFDC5-0DB9-4ABE-992C-28235C7166AA}.Debug|x64.ActiveCfg = Debug|Any CPU
		{64DDFDC5-0DB9-4ABE-992C-28235C7166AA}.Debug|x64.Build.0 = Debug|Any CPU
		{64DDFDC5-0DB9-4ABE-992C-28235C7166AA}.Debug|x86.ActiveCfg = Debug|Any CPU
		{64DDFDC5-0DB9-4ABE-992C-28235C7166AA}.Debug|x86.Build.0 = Debug|Any CPU
		{64DDFDC5-0DB9-4ABE-992C-28235C7166AA}.Release|Any CPU.ActiveCfg = Release|Any CPU
		{64DDFDC5-0DB9-4ABE-992C-28235C7166AA}.Release|Any CPU.Build.0 = Release|Any CPU
		{64DDFDC5-0DB9-4ABE-992C-28235C7166AA}.Release|x64.ActiveCfg = Release|Any CPU
		{64DDFDC5-0DB9-4ABE-992C-28235C7166AA}.Release|x64.Build.0 = Release|Any CPU
		{64DDFDC5-0DB9-4ABE-992C-28235C7166AA}.Release|x86.ActiveCfg = Release|Any CPU
		{64DDFDC5-0DB9-4ABE-992C-28235C7166AA}.Release|x86.Build.0 = Release|Any CPU
		{DA0A53E4-2A99-42FC-9011-4EDB09BA71E1}.Debug|Any CPU.ActiveCfg = Debug|Any CPU
		{DA0A53E4-2A99-42FC-9011-4EDB09BA71E1}.Debug|Any CPU.Build.0 = Debug|Any CPU
		{DA0A53E4-2A99-42FC-9011-4EDB09BA71E1}.Debug|x64.ActiveCfg = Debug|Any CPU
		{DA0A53E4-2A99-42FC-9011-4EDB09BA71E1}.Debug|x64.Build.0 = Debug|Any CPU
		{DA0A53E4-2A99-42FC-9011-4EDB09BA71E1}.Debug|x86.ActiveCfg = Debug|Any CPU
		{DA0A53E4-2A99-42FC-9011-4EDB09BA71E1}.Debug|x86.Build.0 = Debug|Any CPU
		{DA0A53E4-2A99-42FC-9011-4EDB09BA71E1}.Release|Any CPU.ActiveCfg = Release|Any CPU
		{DA0A53E4-2A99-42FC-9011-4EDB09BA71E1}.Release|Any CPU.Build.0 = Release|Any CPU
		{DA0A53E4-2A99-42FC-9011-4EDB09BA71E1}.Release|x64.ActiveCfg = Release|Any CPU
		{DA0A53E4-2A99-42FC-9011-4EDB09BA71E1}.Release|x64.Build.0 = Release|Any CPU
		{DA0A53E4-2A99-42FC-9011-4EDB09BA71E1}.Release|x86.ActiveCfg = Release|Any CPU
		{DA0A53E4-2A99-42FC-9011-4EDB09BA71E1}.Release|x86.Build.0 = Release|Any CPU
		{3E4CD9A2-9F3A-471D-BDE4-5E234822B906}.Debug|Any CPU.ActiveCfg = Debug|Any CPU
		{3E4CD9A2-9F3A-471D-BDE4-5E234822B906}.Debug|Any CPU.Build.0 = Debug|Any CPU
		{3E4CD9A2-9F3A-471D-BDE4-5E234822B906}.Debug|x64.ActiveCfg = Debug|Any CPU
		{3E4CD9A2-9F3A-471D-BDE4-5E234822B906}.Debug|x64.Build.0 = Debug|Any CPU
		{3E4CD9A2-9F3A-471D-BDE4-5E234822B906}.Debug|x86.ActiveCfg = Debug|Any CPU
		{3E4CD9A2-9F3A-471D-BDE4-5E234822B906}.Debug|x86.Build.0 = Debug|Any CPU
		{3E4CD9A2-9F3A-471D-BDE4-5E234822B906}.Release|Any CPU.ActiveCfg = Release|Any CPU
		{3E4CD9A2-9F3A-471D-BDE4-5E234822B906}.Release|Any CPU.Build.0 = Release|Any CPU
		{3E4CD9A2-9F3A-471D-BDE4-5E234822B906}.Release|x64.ActiveCfg = Release|Any CPU
		{3E4CD9A2-9F3A-471D-BDE4-5E234822B906}.Release|x64.Build.0 = Release|Any CPU
		{3E4CD9A2-9F3A-471D-BDE4-5E234822B906}.Release|x86.ActiveCfg = Release|Any CPU
		{3E4CD9A2-9F3A-471D-BDE4-5E234822B906}.Release|x86.Build.0 = Release|Any CPU
		{7FA0FD21-B391-4820-8A44-4CBC35955E91}.Debug|Any CPU.ActiveCfg = Debug|Any CPU
		{7FA0FD21-B391-4820-8A44-4CBC35955E91}.Debug|Any CPU.Build.0 = Debug|Any CPU
		{7FA0FD21-B391-4820-8A44-4CBC35955E91}.Debug|x64.ActiveCfg = Debug|Any CPU
		{7FA0FD21-B391-4820-8A44-4CBC35955E91}.Debug|x64.Build.0 = Debug|Any CPU
		{7FA0FD21-B391-4820-8A44-4CBC35955E91}.Debug|x86.ActiveCfg = Debug|Any CPU
		{7FA0FD21-B391-4820-8A44-4CBC35955E91}.Debug|x86.Build.0 = Debug|Any CPU
		{7FA0FD21-B391-4820-8A44-4CBC35955E91}.Release|Any CPU.ActiveCfg = Release|Any CPU
		{7FA0FD21-B391-4820-8A44-4CBC35955E91}.Release|Any CPU.Build.0 = Release|Any CPU
		{7FA0FD21-B391-4820-8A44-4CBC35955E91}.Release|x64.ActiveCfg = Release|Any CPU
		{7FA0FD21-B391-4820-8A44-4CBC35955E91}.Release|x64.Build.0 = Release|Any CPU
		{7FA0FD21-B391-4820-8A44-4CBC35955E91}.Release|x86.ActiveCfg = Release|Any CPU
		{7FA0FD21-B391-4820-8A44-4CBC35955E91}.Release|x86.Build.0 = Release|Any CPU
	EndGlobalSection
	GlobalSection(SolutionProperties) = preSolution
		HideSolutionNode = FALSE
	EndGlobalSection
	GlobalSection(NestedProjects) = preSolution
		{DD352C2B-642E-489C-A7FE-8AF24E7990F5} = {827E0CD3-B72D-47B6-A68D-7590B98EB39B}
		{CA10523A-CBC2-4F21-BDBE-C6B8E4C8BDCB} = {827E0CD3-B72D-47B6-A68D-7590B98EB39B}
		{BE04D230-427B-4BA4-81E5-0C8B3C837D83} = {827E0CD3-B72D-47B6-A68D-7590B98EB39B}
		{64DDFDC5-0DB9-4ABE-992C-28235C7166AA} = {827E0CD3-B72D-47B6-A68D-7590B98EB39B}
		{DA0A53E4-2A99-42FC-9011-4EDB09BA71E1} = {827E0CD3-B72D-47B6-A68D-7590B98EB39B}
		{3E4CD9A2-9F3A-471D-BDE4-5E234822B906} = {827E0CD3-B72D-47B6-A68D-7590B98EB39B}
		{7FA0FD21-B391-4820-8A44-4CBC35955E91} = {A9C4272E-7ACB-4E88-82CE-44CF082DD27C}
	EndGlobalSection
EndGlobal
